# This file is automatically @generated by Cargo.
# It is not intended for manual editing.
version = 4

[[package]]
name = "minemu"
version = "0.1.0"
dependencies = [
 "minemu-image",
 "minemu-runtime",
]

[[package]]
name = "minemu-core"
version = "0.1.0"
dependencies = [
 "minemu-platform",
]

[[package]]
name = "minemu-image"
version = "0.1.0"
dependencies = [
 "minemu-platform",
]

[[package]]
name = "minemu-platform"
version = "0.1.0"

[[package]]
name = "minemu-runtime"
version = "0.1.0"
dependencies = [
 "minemu-core",
 "minemu-unicorn",
]

[[package]]
name = "minemu-unicorn"
version = "0.1.0"
dependencies = [
 "minemu-core",
 "minemu-platform",
]
